<?xml version="1.0" encoding="utf-8"?>
<Project ToolsVersion="4.0" xmlns="http://schemas.microsoft.com/developer/msbuild/2003">
  <ItemGroup>
    <Filter Include="Source Files\Core"><UniqueIdentifier>{65CB2C34-A130-4F57-BB28-7059655D13C2}</UniqueIdentifier></Filter>
    <Filter Include="Source Files\Render"><UniqueIdentifier>{991EEFBF-39EA-4076-9D3B-274D126063A3}</UniqueIdentifier></Filter>
    <Filter Include="Header Files\Core"><UniqueIdentifier>{FF28C459-D32A-432D-83AB-960F34802D95}</UniqueIdentifier></Filter>
    <Filter Include="Header Files\Game"><UniqueIdentifier>{700EFABF-154E-4788-875D-28C767D86E96}</UniqueIdentifier></Filter>
    <Filter Include="Header Files\Render"><UniqueIdentifier>{78FC102B-5B41-45A2-880D-D4710E917536}</UniqueIdentifier></Filter>
    <Filter Include="Dependencies"><UniqueIdentifier>{AE39CBF9-EDCD-47BC-BE60-01A91203D988}</UniqueIdentifier></Filter>
  </ItemGroup>
  <ItemGroup>
    <ClInclude Include="include\core\framework.h"><Filter>Header Files\Core</Filter></ClInclude>
    <ClInclude Include="include\core\Logger.h"><Filter>Header Files\Core</Filter></ClInclude>
    <ClInclude Include="include\core\Network.h"><Filter>Header Files\Core</Filter></ClInclude>
    <ClInclude Include="include\core\pch.h"><Filter>Header Files\Core</Filter></ClInclude>
    <ClInclude Include="include\game\PlayerData.h"><Filter>Header Files\Game</Filter></ClInclude>
    <ClInclude Include="include\game\RoleConfig.h"><Filter>Header Files\Game</Filter></ClInclude>
    <ClInclude Include="include\render\D3DHelper.h"><Filter>Header Files\Render</Filter></ClInclude>
    <ClInclude Include="include\render\D3DHook.h"><Filter>Header Files\Render</Filter></ClInclude>
    <ClInclude Include="include\render\Nametag.h"><Filter>Header Files\Render</Filter></ClInclude>
    <ClInclude Include="include\render\TextureCache.h"><Filter>Header Files\Render</Filter></ClInclude>
    <ClInclude Include="include\render\W2S.h"><Filter>Header Files\Render</Filter></ClInclude>
    <ClInclude Include="vendor\MinHook\MinHook.h"><Filter>Dependencies</Filter></ClInclude>
    <ClInclude Include="vendor\MinHook\buffer.h"><Filter>Dependencies</Filter></ClInclude>
    <ClInclude Include="vendor\MinHook\trampoline.h"><Filter>Dependencies</Filter></ClInclude>
    <ClInclude Include="vendor\MinHook\hde32.h"><Filter>Dependencies</Filter></ClInclude>
  </ItemGroup>
  <ItemGroup>
    <ClCompile Include="src\core\dllmain.cpp"><Filter>Source Files\Core</Filter></ClCompile>
    <ClCompile Include="src\core\Logger.cpp"><Filter>Source Files\Core</Filter></ClCompile>
    <ClCompile Include="src\core\Network.cpp"><Filter>Source Files\Core</Filter></ClCompile>
    <ClCompile Include="src\core\pch.cpp"><Filter>Source Files\Core</Filter></ClCompile>
    <ClCompile Include="src\render\D3DHook.cpp"><Filter>Source Files\Render</Filter></ClCompile>
    <ClCompile Include="src\render\Nametag.cpp"><Filter>Source Files\Render</Filter></ClCompile>
    <ClCompile Include="vendor\MinHook\buffer.c"><Filter>Dependencies</Filter></ClCompile>
    <ClCompile Include="vendor\MinHook\hde32.c"><Filter>Dependencies</Filter></ClCompile>
    <ClCompile Include="vendor\MinHook\hook.c"><Filter>Dependencies</Filter></ClCompile>
    <ClCompile Include="vendor\MinHook\trampoline.c"><Filter>Dependencies</Filter></ClCompile>
  </ItemGroup>
</Project>
